// !$*UTF8*$!
{
	archiveVersion = 1;
	classes = {
	};
	objectVersion = 46;
	objects = {

/* Begin PBXBuildFile section */
		2A8C03F71D324B31000B82BA /* main.m in Sources */ = {isa = PBXBuildFile; fileRef = 2A8C03F61D324B31000B82BA /* main.m */; };
		2A8C03FA1D324B31000B82BA /* AppDelegate.m in Sources */ = {isa = PBXBuildFile; fileRef = 2A8C03F91D324B31000B82BA /* AppDelegate.m */; };
		2A8C03FD1D324B31000B82BA /* ViewController.m in Sources */ = {isa = PBXBuildFile; fileRef = 2A8C03FC1D324B31000B82BA /* ViewController.m */; };
		2A8C04001D324B31000B82BA /* Main.storyboard in Resources */ = {isa = PBXBuildFile; fileRef = 2A8C03FE1D324B31000B82BA /* Main.storyboard */; };
		2A8C04021D324B31000B82BA /* Assets.xcassets in Resources */ = {isa = PBXBuildFile; fileRef = 2A8C04011D324B31000B82BA /* Assets.xcassets */; };
		2A8C04051D324B31000B82BA /* LaunchScreen.storyboard in Resources */ = {isa = PBXBuildFile; fileRef = 2A8C04031D324B31000B82BA /* LaunchScreen.storyboard */; };
		2A8C04171D3275DC000B82BA /* UIView+LHHGetCurrentViewOfController.m in Sources */ = {isa = PBXBuildFile; fileRef = 2A8C04161D3275DC000B82BA /* UIView+LHHGetCurrentViewOfController.m */; };
		2A8C041A1D32772B000B82BA /* UIView+LHHRectIsIntersectsRect.m in Sources */ = {isa = PBXBuildFile; fileRef = 2A8C04191D32772B000B82BA /* UIView+LHHRectIsIntersectsRect.m */; };
/* End PBXBuildFile section */

/* Begin PBXFileReference section */
		2A8C03F21D324B31000B82BA /* 重叠.app */ = {isa = PBXFileReference; explicitFileType = wrapper.application; includeInIndex = 0; path = "重叠.app"; sourceTree = BUILT_PRODUCTS_DIR; };
		2A8C03F61D324B31000B82BA /* main.m */ = {isa = PBXFileReference; lastKnownFileType = sourcecode.c.objc; path = main.m; sourceTree = "<group>"; };
		2A8C03F81D324B31000B82BA /* AppDelegate.h */ = {isa = PBXFileReference; lastKnownFileType = sourcecode.c.h; path = AppDelegate.h; sourceTree = "<group>"; };
		2A8C03F91D324B31000B82BA /* AppDelegate.m */ = {isa = PBXFileReference; lastKnownFileType = sourcecode.c.objc; path = AppDelegate.m; sourceTree = "<group>"; };
		2A8C03FB1D324B31000B82BA /* ViewController.h */ = {isa = PBXFileReference; lastKnownFileType = sourcecode.c.h; path = ViewController.h; sourceTree = "<group>"; };
		2A8C03FC1D324B31000B82BA /* ViewController.m */ = {isa = PBXFileReference; lastKnownFileType = sourcecode.c.objc; path = ViewController.m; sourceTree = "<group>"; };
		2A8C03FF1D324B31000B82BA /* Base */ = {isa = PBXFileReference; lastKnownFileType = file.storyboard; name = Base; path = Base.lproj/Main.storyboard; sourceTree = "<group>"; };
		2A8C04011D324B31000B82BA /* Assets.xcassets */ = {isa = PBXFileReference; lastKnownFileType = folder.assetcatalog; path = Assets.xcassets; sourceTree = "<group>"; };
		2A8C04041D324B31000B82BA /* Base */ = {isa = PBXFileReference; lastKnownFileType = file.storyboard; name = Base; path = Base.lproj/LaunchScreen.storyboard; sourceTree = "<group>"; };
		2A8C04061D324B31000B82BA /* Info.plist */ = {isa = PBXFileReference; lastKnownFileType = text.plist.xml; path = Info.plist; sourceTree = "<group>"; };
		2A8C04151D3275DC000B82BA /* UIView+LHHGetCurrentViewOfController.h */ = {isa = PBXFileReference; fileEncoding = 4; lastKnownFileType = sourcecode.c.h; path = "UIView+LHHGetCurrentViewOfController.h"; sourceTree = "<group>"; };
		2A8C04161D3275DC000B82BA /* UIView+LHHGetCurrentViewOfController.m */ = {isa = PBXFileReference; fileEncoding = 4; lastKnownFileType = sourcecode.c.objc; path = "UIView+LHHGetCurrentViewOfController.m"; sourceTree = "<group>"; };
		2A8C04181D32772B000B82BA /* UIView+LHHRectIsIntersectsRect.h */ = {isa = PBXFileReference; fileEncoding = 4; lastKnownFileType = sourcecode.c.h; path = "UIView+LHHRectIsIntersectsRect.h"; sourceTree = "<group>"; };
		2A8C04191D32772B000B82BA /* UIView+LHHRectIsIntersectsRect.m */ = {isa = PBXFileReference; fileEncoding = 4; lastKnownFileType = sourcecode.c.objc; path = "UIView+LHHRectIsIntersectsRect.m"; sourceTree = "<group>"; };
/* End PBXFileReference section */

/* Begin PBXFrameworksBuildPhase section */
		2A8C03EF1D324B31000B82BA /* Frameworks */ = {
			isa = PBXFrameworksBuildPhase;
			buildActionMask = 2147483647;
			files = (
			);
			runOnlyForDeploymentPostprocessing = 0;
		};
/* End PBXFrameworksBuildPhase section */

/* Begin PBXGroup section */
		2A8C03E91D324B31000B82BA = {
			isa = PBXGroup;
			children = (
				2A8C03F41D324B31000B82BA /* 重叠 */,
				2A8C03F31D324B31000B82BA /* Products */,
			);
			sourceTree = "<group>";
		};
		2A8C03F31D324B31000B82BA /* Products */ = {
			isa = PBXGroup;
			children = (
				2A8C03F21D324B31000B82BA /* 重叠.app */,
			);
			name = Products;
			sourceTree = "<group>";
		};
		2A8C03F41D324B31000B82BA /* 重叠 */ = {
			isa = PBXGroup;
			children = (
				2A8C03F81D324B31000B82BA /* AppDelegate.h */,
				2A8C03F91D324B31000B82BA /* AppDelegate.m */,
				2A8C03FB1D324B31000B82BA /* ViewController.h */,
				2A8C03FC1D324B31000B82BA /* ViewController.m */,
				2A8C04151D3275DC000B82BA /* UIView+LHHGetCurrentViewOfController.h */,
				2A8C04161D3275DC000B82BA /* UIView+LHHGetCurrentViewOfController.m */,
				2A8C04181D32772B000B82BA /* UIView+LHHRectIsIntersectsRect.h */,
				2A8C04191D32772B000B82BA /* UIView+LHHRectIsIntersectsRect.m */,
				2A8C03FE1D324B31000B82BA /* Main.storyboard */,
				2A8C04011D324B31000B82BA /* Assets.xcassets */,
				2A8C04031D324B31000B82BA /* LaunchScreen.storyboard */,
				2A8C04061D324B31000B82BA /* Info.plist */,
				2A8C03F51D324B31000B82BA /* Supporting Files */,
			);
			path = "重叠";
			sourceTree = "<group>";
		};
		2A8C03F51D324B31000B82BA /* Supporting Files */ = {
			isa = PBXGroup;
			children = (
				2A8C03F61D324B31000B82BA /* main.m */,
			);
			name = "Supporting Files";
			sourceTree = "<group>";
		};
/* End PBXGroup section */

/* Begin PBXNativeTarget section */
		2A8C03F11D324B31000B82BA /* 重叠 */ = {
			isa = PBXNativeTarget;
			buildConfigurationList = 2A8C04091D324B31000B82BA /* Build configuration list for PBXNativeTarget "重叠" */;
			buildPhases = (
				2A8C03EE1D324B31000B82BA /* Sources */,
				2A8C03EF1D324B31000B82BA /* Frameworks */,
				2A8C03F01D324B31000B82BA /* Resources */,
			);
			buildRules = (
			);
			dependencies = (
			);
			name = "重叠";
			productName = "重叠";
			productReference = 2A8C03F21D324B31000B82BA /* 重叠.app */;
			productType = "com.apple.product-type.application";
		};
/* End PBXNativeTarget section */

/* Begin PBXProject section */
		2A8C03EA1D324B31000B82BA /* Project object */ = {
			isa = PBXProject;
			attributes = {
				LastUpgradeCheck = 0730;
				ORGANIZATIONNAME = leihuan;
				TargetAttributes = {
					2A8C03F11D324B31000B82BA = {
						CreatedOnToolsVersion = 7.3;
						DevelopmentTeam = 9V6ZNFJH4L;
					};
				};
			};
			buildConfigurationList = 2A8C03ED1D324B31000B82BA /* Build configuration list for PBXProject "重叠" */;
			compatibilityVersion = "Xcode 3.2";
			developmentRegion = English;
			hasScannedForEncodings = 0;
			knownRegions = (
				en,
				Base,
			);
			mainGroup = 2A8C03E91D324B31000B82BA;
			productRefGroup = 2A8C03F31D324B31000B82BA /* Products */;
			projectDirPath = "";
			projectRoot = "";
			targets = (
				2A8C03F11D324B31000B82BA /* 重叠 */,
			);
		};
/* End PBXProject section */

/* Begin PBXResourcesBuildPhase section */
		2A8C03F01D324B31000B82BA /* Resources */ = {
			isa = PBXResourcesBuildPhase;
			buildActionMask = 2147483647;
			files = (
				2A8C04051D324B31000B82BA /* LaunchScreen.storyboard in Resources */,
				2A8C04021D324B31000B82BA /* Assets.xcassets in Resources */,
				2A8C04001D324B31000B82BA /* Main.storyboard in Resources */,
			);
			runOnlyForDeploymentPostprocessing = 0;
		};
/* End PBXResourcesBuildPhase section */

/* Begin PBXSourcesBuildPhase section */
		2A8C03EE1D324B31000B82BA /* Sources */ = {
			isa = PBXSourcesBuildPhase;
			buildActionMask = 2147483647;
			files = (
				2A8C04171D3275DC000B82BA /* UIView+LHHGetCurrentViewOfController.m in Sources */,
				2A8C041A1D32772B000B82BA /* UIView+LHHRectIsIntersectsRect.m in Sources */,
				2A8C03FD1D324B31000B82BA /* ViewController.m in Sources */,
				2A8C03FA1D324B31000B82BA /* AppDelegate.m in Sources */,
				2A8C03F71D324B31000B82BA /* main.m in Sources */,
			);
			runOnlyForDeploymentPostprocessing = 0;
		};
/* End PBXSourcesBuildPhase section */

/* Begin PBXVariantGroup section */
		2A8C03FE1D324B31000B82BA /* Main.storyboard */ = {
			isa = PBXVariantGroup;
			children = (
				2A8C03FF1D324B31000B82BA /* Base */,
			);
			name = Main.storyboard;
			sourceTree = "<group>";
		};
		2A8C04031D324B31000B82BA /* LaunchScreen.storyboard */ = {
			isa = PBXVariantGroup;
			children = (
				2A8C04041D324B31000B82BA /* Base */,
			);
			name = LaunchScreen.storyboard;
			sourceTree = "<group>";
		};
/* End PBXVariantGroup section */

/* Begin XCBuildConfiguration section */
		2A8C04071D324B31000B82BA /* Debug */ = {
			isa = XCBuildConfiguration;
			buildSettings = {
				ALWAYS_SEARCH_USER_PATHS = NO;
				CLANG_ANALYZER_NONNULL = YES;
				CLANG_CXX_LANGUAGE_STANDARD = "gnu++0x";
				CLANG_CXX_LIBRARY = "libc++";
				CLANG_ENABLE_MODULES = YES;
				CLANG_ENABLE_OBJC_ARC = YES;
				CLANG_WARN_BOOL_CONVERSION = YES;
				CLANG_WARN_CONSTANT_CONVERSION = YES;
				CLANG_WARN_DIRECT_OBJC_ISA_USAGE = YES_ERROR;
				CLANG_WARN_EMPTY_BODY = YES;
				CLANG_WARN_ENUM_CONVERSION = YES;
				CLANG_WARN_INT_CONVERSION = YES;
				CLANG_WARN_OBJC_ROOT_CLASS = YES_ERROR;
				CLANG_WARN_UNREACHABLE_CODE = YES;
				CLANG_WARN__DUPLICATE_METHOD_MATCH = YES;
				"CODE_SIGN_IDENTITY[sdk=iphoneos*]" = "iPhone Developer";
				COPY_PHASE_STRIP = NO;
				DEBUG_INFORMATION_FORMAT = dwarf;
				ENABLE_STRICT_OBJC_MSGSEND = YES;
				ENABLE_TESTABILITY = YES;
				GCC_C_LANGUAGE_STANDARD = gnu99;
				GCC_DYNAMIC_NO_PIC = NO;
				GCC_NO_COMMON_BLOCKS = YES;
				GCC_OPTIMIZATION_LEVEL = 0;
				GCC_PREPROCESSOR_DEFINITIONS = (
					"DEBUG=1",
					"$(inherited)",
				);
				GCC_WARN_64_TO_32_BIT_CONVERSION = YES;
				GCC_WARN_ABOUT_RETURN_TYPE = YES_ERROR;
				GCC_WARN_UNDECLARED_SELECTOR = YES;
				GCC_WARN_UNINITIALIZED_AUTOS = YES_AGGRESSIVE;
				GCC_WARN_UNUSED_FUNCTION = YES;
				GCC_WARN_UNUSED_VARIABLE = YES;
				IPHONEOS_DEPLOYMENT_TARGET = 9.3;
				MTL_ENABLE_DEBUG_INFO = YES;
				ONLY_ACTIVE_ARCH = YES;
				SDKROOT = iphoneos;
			};
			name = Debug;
		};
		2A8C04081D324B31000B82BA /* Release */ = {
			isa = XCBuildConfiguration;
			buildSettings = {
				ALWAYS_SEARCH_USER_PATHS = NO;
				CLANG_ANALYZER_NONNULL = YES;
				CLANG_CXX_LANGUAGE_STANDARD = "gnu++0x";
				CLANG_CXX_LIBRARY = "libc++";
				CLANG_ENABLE_MODULES = YES;
				CLANG_ENABLE_OBJC_ARC = YES;
				CLANG_WARN_BOOL_CONVERSION = YES;
				CLANG_WARN_CONSTANT_CONVERSION = YES;
				CLANG_WARN_DIRECT_OBJC_ISA_USAGE = YES_ERROR;
				CLANG_WARN_EMPTY_BODY = YES;
				CLANG_WARN_ENUM_CONVERSION = YES;
				CLANG_WARN_INT_CONVERSION = YES;
				CLANG_WARN_OBJC_ROOT_CLASS = YES_ERROR;
				CLANG_WARN_UNREACHABLE_CODE = YES;
				CLANG_WARN__DUPLICATE_METHOD_MATCH = YES;
				"CODE_SIGN_IDENTITY[sdk=iphoneos*]" = "iPhone Developer";
				COPY_PHASE_STRIP = NO;
				DEBUG_INFORMATION_FORMAT = "dwarf-with-dsym";
				ENABLE_NS_ASSERTIONS = NO;
				ENABLE_STRICT_OBJC_MSGSEND = YES;
				GCC_C_LANGUAGE_STANDARD = gnu99;
				GCC_NO_COMMON_BLOCKS = YES;
				GCC_WARN_64_TO_32_BIT_CONVERSION = YES;
				GCC_WARN_ABOUT_RETURN_TYPE = YES_ERROR;
				GCC_WARN_UNDECLARED_SELECTOR = YES;
				GCC_WARN_UNINITIALIZED_AUTOS = YES_AGGRESSIVE;
				GCC_WARN_UNUSED_FUNCTION = YES;
				GCC_WARN_UNUSED_VARIABLE = YES;
				IPHONEOS_DEPLOYMENT_TARGET = 9.3;
				MTL_ENABLE_DEBUG_INFO = NO;
				SDKROOT = iphoneos;
				VALIDATE_PRODUCT = YES;
			};
			name = Release;
		};
		2A8C040A1D324B31000B82BA /* Debug */ = {
			isa = XCBuildConfiguration;
			buildSettings = {
				ASSETCATALOG_COMPILER_APPICON_NAME = AppIcon;
				INFOPLIST_FILE = "重叠/Info.plist";
				LD_RUNPATH_SEARCH_PATHS = "$(inherited) @executable_path/Frameworks";
				PRODUCT_BUNDLE_IDENTIFIER = "cn.leihuan.--";
				PRODUCT_NAME = "$(TARGET_NAME)";
			};
			name = Debug;
		};
		2A8C040B1D324B31000B82BA /* Release */ = {
			isa = XCBuildConfiguration;
			buildSettings = {
				ASSETCATALOG_COMPILER_APPICON_NAME = AppIcon;
				INFOPLIST_FILE = "重叠/Info.plist";
				LD_RUNPATH_SEARCH_PATHS = "$(inherited) @executable_path/Frameworks";
				PRODUCT_BUNDLE_IDENTIFIER = "cn.leihuan.--";
				PRODUCT_NAME = "$(TARGET_NAME)";
			};
			name = Release;
		};
/* End XCBuildConfiguration section */

/* Begin XCConfigurationList section */
		2A8C03ED1D324B31000B82BA /* Build configuration list for PBXProject "重叠" */ = {
			isa = XCConfigurationList;
			buildConfigurations = (
				2A8C04071D324B31000B82BA /* Debug */,
				2A8C04081D324B31000B82BA /* Release */,
			);
			defaultConfigurationIsVisible = 0;
			defaultConfigurationName = Release;
		};
		2A8C04091D324B31000B82BA /* Build configuration list for PBXNativeTarget "重叠" */ = {
			isa = XCConfigurationList;
			buildConfigurations = (
				2A8C040A1D324B31000B82BA /* Debug */,
				2A8C040B1D324B31000B82BA /* Release */,
			);
			defaultConfigurationIsVisible = 0;
		};
/* End XCConfigurationList section */
	};
	rootObject = 2A8C03EA1D324B31000B82BA /* Project object */;
}
